
Microsoft Visual Studio Solution File, Format Version 11.00
# Visual Studio 2010
Project("{FAE04EC0-301F-11D3-BF4B-00C04F79EFBC}") = "yesandno", "yesandno.csproj", "{B9B06178-A1C4-2E2F-738F-FA009DF4D530}"
EndProject
Project("{FAE04EC0-301F-11D3-BF4B-00C04F79EFBC}") = "yesandno-Editor", "yesandno-Editor.csproj", "{261C47D7-F578-AC3B-401B-E3A653D01624}"
EndProject
Global
	GlobalSection(SolutionConfigurationPlatforms) = preSolution
		Debug|Any CPU = Debug|Any CPU
		Release|Any CPU = Release|Any CPU
	EndGlobalSection
	GlobalSection(ProjectConfigurationPlatforms) = postSolution
		{B9B06178-A1C4-2E2F-738F-FA009DF4D530}.Debug|Any CPU.ActiveCfg = Debug|Any CPU
		{B9B06178-A1C4-2E2F-738F-FA009DF4D530}.Debug|Any CPU.Build.0 = Debug|Any CPU
		{B9B06178-A1C4-2E2F-738F-FA009DF4D530}.Release|Any CPU.ActiveCfg = Release|Any CPU
		{B9B06178-A1C4-2E2F-738F-FA009DF4D530}.Release|Any CPU.Build.0 = Release|Any CPU
		{261C47D7-F578-AC3B-401B-E3A653D01624}.Debug|Any CPU.ActiveCfg = Debug|Any CPU
		{261C47D7-F578-AC3B-401B-E3A653D01624}.Debug|Any CPU.Build.0 = Debug|Any CPU
		{261C47D7-F578-AC3B-401B-E3A653D01624}.Release|Any CPU.ActiveCfg = Release|Any CPU
		{261C47D7-F578-AC3B-401B-E3A653D01624}.Release|Any CPU.Build.0 = Release|Any CPU
	EndGlobalSection
	GlobalSection(SolutionProperties) = preSolution
		HideSolutionNode = FALSE
	EndGlobalSection
	GlobalSection(MonoDevelopProperties) = preSolution
		StartupItem = yesandno.csproj
	EndGlobalSection
EndGlobal
